
Microsoft Visual Studio Solution File, Format Version 12.00
# Visual Studio 2013
VisualStudioVersion = 12.0.21005.1
MinimumVisualStudioVersion = 10.0.40219.1
Project("{FAE04EC0-301F-11D3-BF4B-00C04F79EFBC}") = "SilkBazaar", "SilkBazaar\SilkBazaar.csproj", "{0CFDF8B6-EBB9-4739-9EB3-A63A9844F4EE}"
EndProject
Project("{2150E333-8FDC-42A3-9474-1A3956D46DE8}") = ".nuget", ".nuget", "{5C4B221E-9F7D-475A-B330-FDF9CFCA2A34}"
	ProjectSection(SolutionItems) = preProject
		.nuget\NuGet.Config = .nuget\NuGet.Config
		.nuget\NuGet.exe = .nuget\NuGet.exe
		.nuget\NuGet.targets = .nuget\NuGet.targets
	EndProjectSection
EndProject
Global
	GlobalSection(SolutionConfigurationPlatforms) = preSolution
		Debug|Any CPU = Debug|Any CPU
		Release|Any CPU = Release|Any CPU
	EndGlobalSection
	GlobalSection(ProjectConfigurationPlatforms) = postSolution
		{0CFDF8B6-EBB9-4739-9EB3-A63A9844F4EE}.Debug|Any CPU.ActiveCfg = Debug|Any CPU
		{0CFDF8B6-EBB9-4739-9EB3-A63A9844F4EE}.Debug|Any CPU.Build.0 = Debug|Any CPU
		{0CFDF8B6-EBB9-4739-9EB3-A63A9844F4EE}.Release|Any CPU.ActiveCfg = Release|Any CPU
		{0CFDF8B6-EBB9-4739-9EB3-A63A9844F4EE}.Release|Any CPU.Build.0 = Release|Any CPU
	EndGlobalSection
	GlobalSection(SolutionProperties) = preSolution
		HideSolutionNode = FALSE
	EndGlobalSection
EndGlobal
